// !$*UTF8*$!
{
	archiveVersion = 1;
	classes = {
	};
	objectVersion = 50;
	objects = {

/* Begin PBXBuildFile section */
		5737B908213AC0A60063C593 /* AppDelegate.swift in Sources */ = {isa = PBXBuildFile; fileRef = 5737B907213AC0A60063C593 /* AppDelegate.swift */; };
		5737B90A213AC0A60063C593 /* ViewController.swift in Sources */ = {isa = PBXBuildFile; fileRef = 5737B909213AC0A60063C593 /* ViewController.swift */; };
		5737B90D213AC0A60063C593 /* Main.storyboard in Resources */ = {isa = PBXBuildFile; fileRef = 5737B90B213AC0A60063C593 /* Main.storyboard */; };
		5737B910213AC0A60063C593 /* EstudandoCICDComiOS.xcdatamodeld in Sources */ = {isa = PBXBuildFile; fileRef = 5737B90E213AC0A60063C593 /* EstudandoCICDComiOS.xcdatamodeld */; };
		5737B912213AC0A70063C593 /* Assets.xcassets in Resources */ = {isa = PBXBuildFile; fileRef = 5737B911213AC0A70063C593 /* Assets.xcassets */; };
		5737B915213AC0A70063C593 /* LaunchScreen.storyboard in Resources */ = {isa = PBXBuildFile; fileRef = 5737B913213AC0A70063C593 /* LaunchScreen.storyboard */; };
		5737B920213AC0A70063C593 /* EstudandoCICDComiOSTests.swift in Sources */ = {isa = PBXBuildFile; fileRef = 5737B91F213AC0A70063C593 /* EstudandoCICDComiOSTests.swift */; };
		5737B92B213AC0A70063C593 /* EstudandoCICDComiOSUITests.swift in Sources */ = {isa = PBXBuildFile; fileRef = 5737B92A213AC0A70063C593 /* EstudandoCICDComiOSUITests.swift */; };
/* End PBXBuildFile section */

/* Begin PBXContainerItemProxy section */
		5737B91C213AC0A70063C593 /* PBXContainerItemProxy */ = {
			isa = PBXContainerItemProxy;
			containerPortal = 5737B8FC213AC0A50063C593 /* Project object */;
			proxyType = 1;
			remoteGlobalIDString = 5737B903213AC0A50063C593;
			remoteInfo = EstudandoCICDComiOS;
		};
		5737B927213AC0A70063C593 /* PBXContainerItemProxy */ = {
			isa = PBXContainerItemProxy;
			containerPortal = 5737B8FC213AC0A50063C593 /* Project object */;
			proxyType = 1;
			remoteGlobalIDString = 5737B903213AC0A50063C593;
			remoteInfo = EstudandoCICDComiOS;
		};
/* End PBXContainerItemProxy section */

/* Begin PBXFileReference section */
		5737B904213AC0A60063C593 /* EstudandoCICDComiOS.app */ = {isa = PBXFileReference; explicitFileType = wrapper.application; includeInIndex = 0; path = EstudandoCICDComiOS.app; sourceTree = BUILT_PRODUCTS_DIR; };
		5737B907213AC0A60063C593 /* AppDelegate.swift */ = {isa = PBXFileReference; lastKnownFileType = sourcecode.swift; path = AppDelegate.swift; sourceTree = "<group>"; };
		5737B909213AC0A60063C593 /* ViewController.swift */ = {isa = PBXFileReference; lastKnownFileType = sourcecode.swift; path = ViewController.swift; sourceTree = "<group>"; };
		5737B90C213AC0A60063C593 /* Base */ = {isa = PBXFileReference; lastKnownFileType = file.storyboard; name = Base; path = Base.lproj/Main.storyboard; sourceTree = "<group>"; };
		5737B90F213AC0A60063C593 /* EstudandoCICDComiOS.xcdatamodel */ = {isa = PBXFileReference; lastKnownFileType = wrapper.xcdatamodel; path = EstudandoCICDComiOS.xcdatamodel; sourceTree = "<group>"; };
		5737B911213AC0A70063C593 /* Assets.xcassets */ = {isa = PBXFileReference; lastKnownFileType = folder.assetcatalog; path = Assets.xcassets; sourceTree = "<group>"; };
		5737B914213AC0A70063C593 /* Base */ = {isa = PBXFileReference; lastKnownFileType = file.storyboard; name = Base; path = Base.lproj/LaunchScreen.storyboard; sourceTree = "<group>"; };
		5737B916213AC0A70063C593 /* Info.plist */ = {isa = PBXFileReference; lastKnownFileType = text.plist.xml; path = Info.plist; sourceTree = "<group>"; };
		5737B91B213AC0A70063C593 /* EstudandoCICDComiOSTests.xctest */ = {isa = PBXFileReference; explicitFileType = wrapper.cfbundle; includeInIndex = 0; path = EstudandoCICDComiOSTests.xctest; sourceTree = BUILT_PRODUCTS_DIR; };
		5737B91F213AC0A70063C593 /* EstudandoCICDComiOSTests.swift */ = {isa = PBXFileReference; lastKnownFileType = sourcecode.swift; path = EstudandoCICDComiOSTests.swift; sourceTree = "<group>"; };
		5737B921213AC0A70063C593 /* Info.plist */ = {isa = PBXFileReference; lastKnownFileType = text.plist.xml; path = Info.plist; sourceTree = "<group>"; };
		5737B926213AC0A70063C593 /* EstudandoCICDComiOSUITests.xctest */ = {isa = PBXFileReference; explicitFileType = wrapper.cfbundle; includeInIndex = 0; path = EstudandoCICDComiOSUITests.xctest; sourceTree = BUILT_PRODUCTS_DIR; };
		5737B92A213AC0A70063C593 /* EstudandoCICDComiOSUITests.swift */ = {isa = PBXFileReference; lastKnownFileType = sourcecode.swift; path = EstudandoCICDComiOSUITests.swift; sourceTree = "<group>"; };
		5737B92C213AC0A70063C593 /* Info.plist */ = {isa = PBXFileReference; lastKnownFileType = text.plist.xml; path = Info.plist; sourceTree = "<group>"; };
/* End PBXFileReference section */

/* Begin PBXFrameworksBuildPhase section */
		5737B901213AC0A50063C593 /* Frameworks */ = {
			isa = PBXFrameworksBuildPhase;
			buildActionMask = 2147483647;
			files = (
			);
			runOnlyForDeploymentPostprocessing = 0;
		};
		5737B918213AC0A70063C593 /* Frameworks */ = {
			isa = PBXFrameworksBuildPhase;
			buildActionMask = 2147483647;
			files = (
			);
			runOnlyForDeploymentPostprocessing = 0;
		};
		5737B923213AC0A70063C593 /* Frameworks */ = {
			isa = PBXFrameworksBuildPhase;
			buildActionMask = 2147483647;
			files = (
			);
			runOnlyForDeploymentPostprocessing = 0;
		};
/* End PBXFrameworksBuildPhase section */

/* Begin PBXGroup section */
		5737B8FB213AC0A50063C593 = {
			isa = PBXGroup;
			children = (
				5737B906213AC0A60063C593 /* EstudandoCICDComiOS */,
				5737B91E213AC0A70063C593 /* EstudandoCICDComiOSTests */,
				5737B929213AC0A70063C593 /* EstudandoCICDComiOSUITests */,
				5737B905213AC0A60063C593 /* Products */,
			);
			sourceTree = "<group>";
		};
		5737B905213AC0A60063C593 /* Products */ = {
			isa = PBXGroup;
			children = (
				5737B904213AC0A60063C593 /* EstudandoCICDComiOS.app */,
				5737B91B213AC0A70063C593 /* EstudandoCICDComiOSTests.xctest */,
				5737B926213AC0A70063C593 /* EstudandoCICDComiOSUITests.xctest */,
			);
			name = Products;
			sourceTree = "<group>";
		};
		5737B906213AC0A60063C593 /* EstudandoCICDComiOS */ = {
			isa = PBXGroup;
			children = (
				5737B907213AC0A60063C593 /* AppDelegate.swift */,
				5737B909213AC0A60063C593 /* ViewController.swift */,
				5737B90B213AC0A60063C593 /* Main.storyboard */,
				5737B911213AC0A70063C593 /* Assets.xcassets */,
				5737B913213AC0A70063C593 /* LaunchScreen.storyboard */,
				5737B916213AC0A70063C593 /* Info.plist */,
				5737B90E213AC0A60063C593 /* EstudandoCICDComiOS.xcdatamodeld */,
			);
			path = EstudandoCICDComiOS;
			sourceTree = "<group>";
		};
		5737B91E213AC0A70063C593 /* EstudandoCICDComiOSTests */ = {
			isa = PBXGroup;
			children = (
				5737B91F213AC0A70063C593 /* EstudandoCICDComiOSTests.swift */,
				5737B921213AC0A70063C593 /* Info.plist */,
			);
			path = EstudandoCICDComiOSTests;
			sourceTree = "<group>";
		};
		5737B929213AC0A70063C593 /* EstudandoCICDComiOSUITests */ = {
			isa = PBXGroup;
			children = (
				5737B92A213AC0A70063C593 /* EstudandoCICDComiOSUITests.swift */,
				5737B92C213AC0A70063C593 /* Info.plist */,
			);
			path = EstudandoCICDComiOSUITests;
			sourceTree = "<group>";
		};
/* End PBXGroup section */

/* Begin PBXNativeTarget section */
		5737B903213AC0A50063C593 /* EstudandoCICDComiOS */ = {
			isa = PBXNativeTarget;
			buildConfigurationList = 5737B92F213AC0A70063C593 /* Build configuration list for PBXNativeTarget "EstudandoCICDComiOS" */;
			buildPhases = (
				5737B900213AC0A50063C593 /* Sources */,
				5737B901213AC0A50063C593 /* Frameworks */,
				5737B902213AC0A50063C593 /* Resources */,
			);
			buildRules = (
			);
			dependencies = (
			);
			name = EstudandoCICDComiOS;
			productName = EstudandoCICDComiOS;
			productReference = 5737B904213AC0A60063C593 /* EstudandoCICDComiOS.app */;
			productType = "com.apple.product-type.application";
		};
		5737B91A213AC0A70063C593 /* EstudandoCICDComiOSTests */ = {
			isa = PBXNativeTarget;
			buildConfigurationList = 5737B932213AC0A70063C593 /* Build configuration list for PBXNativeTarget "EstudandoCICDComiOSTests" */;
			buildPhases = (
				5737B917213AC0A70063C593 /* Sources */,
				5737B918213AC0A70063C593 /* Frameworks */,
				5737B919213AC0A70063C593 /* Resources */,
			);
			buildRules = (
			);
			dependencies = (
				5737B91D213AC0A70063C593 /* PBXTargetDependency */,
			);
			name = EstudandoCICDComiOSTests;
			productName = EstudandoCICDComiOSTests;
			productReference = 5737B91B213AC0A70063C593 /* EstudandoCICDComiOSTests.xctest */;
			productType = "com.apple.product-type.bundle.unit-test";
		};
		5737B925213AC0A70063C593 /* EstudandoCICDComiOSUITests */ = {
			isa = PBXNativeTarget;
			buildConfigurationList = 5737B935213AC0A70063C593 /* Build configuration list for PBXNativeTarget "EstudandoCICDComiOSUITests" */;
			buildPhases = (
				5737B922213AC0A70063C593 /* Sources */,
				5737B923213AC0A70063C593 /* Frameworks */,
				5737B924213AC0A70063C593 /* Resources */,
			);
			buildRules = (
			);
			dependencies = (
				5737B928213AC0A70063C593 /* PBXTargetDependency */,
			);
			name = EstudandoCICDComiOSUITests;
			productName = EstudandoCICDComiOSUITests;
			productReference = 5737B926213AC0A70063C593 /* EstudandoCICDComiOSUITests.xctest */;
			productType = "com.apple.product-type.bundle.ui-testing";
		};
/* End PBXNativeTarget section */

/* Begin PBXProject section */
		5737B8FC213AC0A50063C593 /* Project object */ = {
			isa = PBXProject;
			attributes = {
				LastSwiftUpdateCheck = 0930;
				LastUpgradeCheck = 0930;
				ORGANIZATIONNAME = Aluno;
				TargetAttributes = {
					5737B903213AC0A50063C593 = {
						CreatedOnToolsVersion = 9.3;
					};
					5737B91A213AC0A70063C593 = {
						CreatedOnToolsVersion = 9.3;
						TestTargetID = 5737B903213AC0A50063C593;
					};
					5737B925213AC0A70063C593 = {
						CreatedOnToolsVersion = 9.3;
						TestTargetID = 5737B903213AC0A50063C593;
					};
				};
			};
			buildConfigurationList = 5737B8FF213AC0A50063C593 /* Build configuration list for PBXProject "EstudandoCICDComiOS" */;
			compatibilityVersion = "Xcode 9.3";
			developmentRegion = en;
			hasScannedForEncodings = 0;
			knownRegions = (
				en,
				Base,
			);
			mainGroup = 5737B8FB213AC0A50063C593;
			productRefGroup = 5737B905213AC0A60063C593 /* Products */;
			projectDirPath = "";
			projectRoot = "";
			targets = (
				5737B903213AC0A50063C593 /* EstudandoCICDComiOS */,
				5737B91A213AC0A70063C593 /* EstudandoCICDComiOSTests */,
				5737B925213AC0A70063C593 /* EstudandoCICDComiOSUITests */,
			);
		};
/* End PBXProject section */

/* Begin PBXResourcesBuildPhase section */
		5737B902213AC0A50063C593 /* Resources */ = {
			isa = PBXResourcesBuildPhase;
			buildActionMask = 2147483647;
			files = (
				5737B915213AC0A70063C593 /* LaunchScreen.storyboard in Resources */,
				5737B912213AC0A70063C593 /* Assets.xcassets in Resources */,
				5737B90D213AC0A60063C593 /* Main.storyboard in Resources */,
			);
			runOnlyForDeploymentPostprocessing = 0;
		};
		5737B919213AC0A70063C593 /* Resources */ = {
			isa = PBXResourcesBuildPhase;
			buildActionMask = 2147483647;
			files = (
			);
			runOnlyForDeploymentPostprocessing = 0;
		};
		5737B924213AC0A70063C593 /* Resources */ = {
			isa = PBXResourcesBuildPhase;
			buildActionMask = 2147483647;
			files = (
			);
			runOnlyForDeploymentPostprocessing = 0;
		};
/* End PBXResourcesBuildPhase section */

/* Begin PBXSourcesBuildPhase section */
		5737B900213AC0A50063C593 /* Sources */ = {
			isa = PBXSourcesBuildPhase;
			buildActionMask = 2147483647;
			files = (
				5737B90A213AC0A60063C593 /* ViewController.swift in Sources */,
				5737B908213AC0A60063C593 /* AppDelegate.swift in Sources */,
				5737B910213AC0A60063C593 /* EstudandoCICDComiOS.xcdatamodeld in Sources */,
			);
			runOnlyForDeploymentPostprocessing = 0;
		};
		5737B917213AC0A70063C593 /* Sources */ = {
			isa = PBXSourcesBuildPhase;
			buildActionMask = 2147483647;
			files = (
				5737B920213AC0A70063C593 /* EstudandoCICDComiOSTests.swift in Sources */,
			);
			runOnlyForDeploymentPostprocessing = 0;
		};
		5737B922213AC0A70063C593 /* Sources */ = {
			isa = PBXSourcesBuildPhase;
			buildActionMask = 2147483647;
			files = (
				5737B92B213AC0A70063C593 /* EstudandoCICDComiOSUITests.swift in Sources */,
			);
			runOnlyForDeploymentPostprocessing = 0;
		};
/* End PBXSourcesBuildPhase section */

/* Begin PBXTargetDependency section */
		5737B91D213AC0A70063C593 /* PBXTargetDependency */ = {
			isa = PBXTargetDependency;
			target = 5737B903213AC0A50063C593 /* EstudandoCICDComiOS */;
			targetProxy = 5737B91C213AC0A70063C593 /* PBXContainerItemProxy */;
		};
		5737B928213AC0A70063C593 /* PBXTargetDependency */ = {
			isa = PBXTargetDependency;
			target = 5737B903213AC0A50063C593 /* EstudandoCICDComiOS */;
			targetProxy = 5737B927213AC0A70063C593 /* PBXContainerItemProxy */;
		};
/* End PBXTargetDependency section */

/* Begin PBXVariantGroup section */
		5737B90B213AC0A60063C593 /* Main.storyboard */ = {
			isa = PBXVariantGroup;
			children = (
				5737B90C213AC0A60063C593 /* Base */,
			);
			name = Main.storyboard;
			sourceTree = "<group>";
		};
		5737B913213AC0A70063C593 /* LaunchScreen.storyboard */ = {
			isa = PBXVariantGroup;
			children = (
				5737B914213AC0A70063C593 /* Base */,
			);
			name = LaunchScreen.storyboard;
			sourceTree = "<group>";
		};
/* End PBXVariantGroup section */

/* Begin XCBuildConfiguration section */
		5737B92D213AC0A70063C593 /* Debug */ = {
			isa = XCBuildConfiguration;
			buildSettings = {
				ALWAYS_SEARCH_USER_PATHS = NO;
				CLANG_ANALYZER_NONNULL = YES;
				CLANG_ANALYZER_NUMBER_OBJECT_CONVERSION = YES_AGGRESSIVE;
				CLANG_CXX_LANGUAGE_STANDARD = "gnu++14";
				CLANG_CXX_LIBRARY = "libc++";
				CLANG_ENABLE_MODULES = YES;
				CLANG_ENABLE_OBJC_ARC = YES;
				CLANG_ENABLE_OBJC_WEAK = YES;
				CLANG_WARN_BLOCK_CAPTURE_AUTORELEASING = YES;
				CLANG_WARN_BOOL_CONVERSION = YES;
				CLANG_WARN_COMMA = YES;
				CLANG_WARN_CONSTANT_CONVERSION = YES;
				CLANG_WARN_DEPRECATED_OBJC_IMPLEMENTATIONS = YES;
				CLANG_WARN_DIRECT_OBJC_ISA_USAGE = YES_ERROR;
				CLANG_WARN_DOCUMENTATION_COMMENTS = YES;
				CLANG_WARN_EMPTY_BODY = YES;
				CLANG_WARN_ENUM_CONVERSION = YES;
				CLANG_WARN_INFINITE_RECURSION = YES;
				CLANG_WARN_INT_CONVERSION = YES;
				CLANG_WARN_NON_LITERAL_NULL_CONVERSION = YES;
				CLANG_WARN_OBJC_IMPLICIT_RETAIN_SELF = YES;
				CLANG_WARN_OBJC_LITERAL_CONVERSION = YES;
				CLANG_WARN_OBJC_ROOT_CLASS = YES_ERROR;
				CLANG_WARN_RANGE_LOOP_ANALYSIS = YES;
				CLANG_WARN_STRICT_PROTOTYPES = YES;
				CLANG_WARN_SUSPICIOUS_MOVE = YES;
				CLANG_WARN_UNGUARDED_AVAILABILITY = YES_AGGRESSIVE;
				CLANG_WARN_UNREACHABLE_CODE = YES;
				CLANG_WARN__DUPLICATE_METHOD_MATCH = YES;
				CODE_SIGN_IDENTITY = "iPhone Developer";
				COPY_PHASE_STRIP = NO;
				DEBUG_INFORMATION_FORMAT = dwarf;
				ENABLE_STRICT_OBJC_MSGSEND = YES;
				ENABLE_TESTABILITY = YES;
				GCC_C_LANGUAGE_STANDARD = gnu11;
				GCC_DYNAMIC_NO_PIC = NO;
				GCC_NO_COMMON_BLOCKS = YES;
				GCC_OPTIMIZATION_LEVEL = 0;
				GCC_PREPROCESSOR_DEFINITIONS = (
					"DEBUG=1",
					"$(inherited)",
				);
				GCC_WARN_64_TO_32_BIT_CONVERSION = YES;
				GCC_WARN_ABOUT_RETURN_TYPE = YES_ERROR;
				GCC_WARN_UNDECLARED_SELECTOR = YES;
				GCC_WARN_UNINITIALIZED_AUTOS = YES_AGGRESSIVE;
				GCC_WARN_UNUSED_FUNCTION = YES;
				GCC_WARN_UNUSED_VARIABLE = YES;
				IPHONEOS_DEPLOYMENT_TARGET = 11.3;
				MTL_ENABLE_DEBUG_INFO = YES;
				ONLY_ACTIVE_ARCH = YES;
				SDKROOT = iphoneos;
				SWIFT_ACTIVE_COMPILATION_CONDITIONS = DEBUG;
				SWIFT_OPTIMIZATION_LEVEL = "-Onone";
			};
			name = Debug;
		};
		5737B92E213AC0A70063C593 /* Release */ = {
			isa = XCBuildConfiguration;
			buildSettings = {
				ALWAYS_SEARCH_USER_PATHS = NO;
				CLANG_ANALYZER_NONNULL = YES;
				CLANG_ANALYZER_NUMBER_OBJECT_CONVERSION = YES_AGGRESSIVE;
				CLANG_CXX_LANGUAGE_STANDARD = "gnu++14";
				CLANG_CXX_LIBRARY = "libc++";
				CLANG_ENABLE_MODULES = YES;
				CLANG_ENABLE_OBJC_ARC = YES;
				CLANG_ENABLE_OBJC_WEAK = YES;
				CLANG_WARN_BLOCK_CAPTURE_AUTORELEASING = YES;
				CLANG_WARN_BOOL_CONVERSION = YES;
				CLANG_WARN_COMMA = YES;
				CLANG_WARN_CONSTANT_CONVERSION = YES;
				CLANG_WARN_DEPRECATED_OBJC_IMPLEMENTATIONS = YES;
				CLANG_WARN_DIRECT_OBJC_ISA_USAGE = YES_ERROR;
				CLANG_WARN_DOCUMENTATION_COMMENTS = YES;
				CLANG_WARN_EMPTY_BODY = YES;
				CLANG_WARN_ENUM_CONVERSION = YES;
				CLANG_WARN_INFINITE_RECURSION = YES;
				CLANG_WARN_INT_CONVERSION = YES;
				CLANG_WARN_NON_LITERAL_NULL_CONVERSION = YES;
				CLANG_WARN_OBJC_IMPLICIT_RETAIN_SELF = YES;
				CLANG_WARN_OBJC_LITERAL_CONVERSION = YES;
				CLANG_WARN_OBJC_ROOT_CLASS = YES_ERROR;
				CLANG_WARN_RANGE_LOOP_ANALYSIS = YES;
				CLANG_WARN_STRICT_PROTOTYPES = YES;
				CLANG_WARN_SUSPICIOUS_MOVE = YES;
				CLANG_WARN_UNGUARDED_AVAILABILITY = YES_AGGRESSIVE;
				CLANG_WARN_UNREACHABLE_CODE = YES;
				CLANG_WARN__DUPLICATE_METHOD_MATCH = YES;
				CODE_SIGN_IDENTITY = "iPhone Developer";
				COPY_PHASE_STRIP = NO;
				DEBUG_INFORMATION_FORMAT = "dwarf-with-dsym";
				ENABLE_NS_ASSERTIONS = NO;
				ENABLE_STRICT_OBJC_MSGSEND = YES;
				GCC_C_LANGUAGE_STANDARD = gnu11;
				GCC_NO_COMMON_BLOCKS = YES;
				GCC_WARN_64_TO_32_BIT_CONVERSION = YES;
				GCC_WARN_ABOUT_RETURN_TYPE = YES_ERROR;
				GCC_WARN_UNDECLARED_SELECTOR = YES;
				GCC_WARN_UNINITIALIZED_AUTOS = YES_AGGRESSIVE;
				GCC_WARN_UNUSED_FUNCTION = YES;
				GCC_WARN_UNUSED_VARIABLE = YES;
				IPHONEOS_DEPLOYMENT_TARGET = 11.3;
				MTL_ENABLE_DEBUG_INFO = NO;
				SDKROOT = iphoneos;
				SWIFT_COMPILATION_MODE = wholemodule;
				SWIFT_OPTIMIZATION_LEVEL = "-O";
				VALIDATE_PRODUCT = YES;
			};
			name = Release;
		};
		5737B930213AC0A70063C593 /* Debug */ = {
			isa = XCBuildConfiguration;
			buildSettings = {
				ASSETCATALOG_COMPILER_APPICON_NAME = AppIcon;
				CODE_SIGN_STYLE = Automatic;
				INFOPLIST_FILE = EstudandoCICDComiOS/Info.plist;
				LD_RUNPATH_SEARCH_PATHS = (
					"$(inherited)",
					"@executable_path/Frameworks",
				);
				PRODUCT_BUNDLE_IDENTIFIER = com.felipemdmelo.EstudandoCICDComiOS;
				PRODUCT_NAME = "$(TARGET_NAME)";
				SWIFT_VERSION = 4.0;
				TARGETED_DEVICE_FAMILY = "1,2";
			};
			name = Debug;
		};
		5737B931213AC0A70063C593 /* Release */ = {
			isa = XCBuildConfiguration;
			buildSettings = {
				ASSETCATALOG_COMPILER_APPICON_NAME = AppIcon;
				CODE_SIGN_STYLE = Automatic;
				INFOPLIST_FILE = EstudandoCICDComiOS/Info.plist;
				LD_RUNPATH_SEARCH_PATHS = (
					"$(inherited)",
					"@executable_path/Frameworks",
				);
				PRODUCT_BUNDLE_IDENTIFIER = com.felipemdmelo.EstudandoCICDComiOS;
				PRODUCT_NAME = "$(TARGET_NAME)";
				SWIFT_VERSION = 4.0;
				TARGETED_DEVICE_FAMILY = "1,2";
			};
			name = Release;
		};
		5737B933213AC0A70063C593 /* Debug */ = {
			isa = XCBuildConfiguration;
			buildSettings = {
				ALWAYS_EMBED_SWIFT_STANDARD_LIBRARIES = YES;
				BUNDLE_LOADER = "$(TEST_HOST)";
				CODE_SIGN_STYLE = Automatic;
				INFOPLIST_FILE = EstudandoCICDComiOSTests/Info.plist;
				LD_RUNPATH_SEARCH_PATHS = (
					"$(inherited)",
					"@executable_path/Frameworks",
					"@loader_path/Frameworks",
				);
				PRODUCT_BUNDLE_IDENTIFIER = com.felipemdmelo.EstudandoCICDComiOSTests;
				PRODUCT_NAME = "$(TARGET_NAME)";
				SWIFT_VERSION = 4.0;
				TARGETED_DEVICE_FAMILY = "1,2";
				TEST_HOST = "$(BUILT_PRODUCTS_DIR)/EstudandoCICDComiOS.app/EstudandoCICDComiOS";
			};
			name = Debug;
		};
		5737B934213AC0A70063C593 /* Release */ = {
			isa = XCBuildConfiguration;
			buildSettings = {
				ALWAYS_EMBED_SWIFT_STANDARD_LIBRARIES = YES;
				BUNDLE_LOADER = "$(TEST_HOST)";
				CODE_SIGN_STYLE = Automatic;
				INFOPLIST_FILE = EstudandoCICDComiOSTests/Info.plist;
				LD_RUNPATH_SEARCH_PATHS = (
					"$(inherited)",
					"@executable_path/Frameworks",
					"@loader_path/Frameworks",
				);
				PRODUCT_BUNDLE_IDENTIFIER = com.felipemdmelo.EstudandoCICDComiOSTests;
				PRODUCT_NAME = "$(TARGET_NAME)";
				SWIFT_VERSION = 4.0;
				TARGETED_DEVICE_FAMILY = "1,2";
				TEST_HOST = "$(BUILT_PRODUCTS_DIR)/EstudandoCICDComiOS.app/EstudandoCICDComiOS";
			};
			name = Release;
		};
		5737B936213AC0A70063C593 /* Debug */ = {
			isa = XCBuildConfiguration;
			buildSettings = {
				ALWAYS_EMBED_SWIFT_STANDARD_LIBRARIES = YES;
				CODE_SIGN_STYLE = Automatic;
				INFOPLIST_FILE = EstudandoCICDComiOSUITests/Info.plist;
				LD_RUNPATH_SEARCH_PATHS = (
					"$(inherited)",
					"@executable_path/Frameworks",
					"@loader_path/Frameworks",
				);
				PRODUCT_BUNDLE_IDENTIFIER = com.felipemdmelo.EstudandoCICDComiOSUITests;
				PRODUCT_NAME = "$(TARGET_NAME)";
				SWIFT_VERSION = 4.0;
				TARGETED_DEVICE_FAMILY = "1,2";
				TEST_TARGET_NAME = EstudandoCICDComiOS;
			};
			name = Debug;
		};
		5737B937213AC0A70063C593 /* Release */ = {
			isa = XCBuildConfiguration;
			buildSettings = {
				ALWAYS_EMBED_SWIFT_STANDARD_LIBRARIES = YES;
				CODE_SIGN_STYLE = Automatic;
				INFOPLIST_FILE = EstudandoCICDComiOSUITests/Info.plist;
				LD_RUNPATH_SEARCH_PATHS = (
					"$(inherited)",
					"@executable_path/Frameworks",
					"@loader_path/Frameworks",
				);
				PRODUCT_BUNDLE_IDENTIFIER = com.felipemdmelo.EstudandoCICDComiOSUITests;
				PRODUCT_NAME = "$(TARGET_NAME)";
				SWIFT_VERSION = 4.0;
				TARGETED_DEVICE_FAMILY = "1,2";
				TEST_TARGET_NAME = EstudandoCICDComiOS;
			};
			name = Release;
		};
/* End XCBuildConfiguration section */

/* Begin XCConfigurationList section */
		5737B8FF213AC0A50063C593 /* Build configuration list for PBXProject "EstudandoCICDComiOS" */ = {
			isa = XCConfigurationList;
			buildConfigurations = (
				5737B92D213AC0A70063C593 /* Debug */,
				5737B92E213AC0A70063C593 /* Release */,
			);
			defaultConfigurationIsVisible = 0;
			defaultConfigurationName = Release;
		};
		5737B92F213AC0A70063C593 /* Build configuration list for PBXNativeTarget "EstudandoCICDComiOS" */ = {
			isa = XCConfigurationList;
			buildConfigurations = (
				5737B930213AC0A70063C593 /* Debug */,
				5737B931213AC0A70063C593 /* Release */,
			);
			defaultConfigurationIsVisible = 0;
			defaultConfigurationName = Release;
		};
		5737B932213AC0A70063C593 /* Build configuration list for PBXNativeTarget "EstudandoCICDComiOSTests" */ = {
			isa = XCConfigurationList;
			buildConfigurations = (
				5737B933213AC0A70063C593 /* Debug */,
				5737B934213AC0A70063C593 /* Release */,
			);
			defaultConfigurationIsVisible = 0;
			defaultConfigurationName = Release;
		};
		5737B935213AC0A70063C593 /* Build configuration list for PBXNativeTarget "EstudandoCICDComiOSUITests" */ = {
			isa = XCConfigurationList;
			buildConfigurations = (
				5737B936213AC0A70063C593 /* Debug */,
				5737B937213AC0A70063C593 /* Release */,
			);
			defaultConfigurationIsVisible = 0;
			defaultConfigurationName = Release;
		};
/* End XCConfigurationList section */

/* Begin XCVersionGroup section */
		5737B90E213AC0A60063C593 /* EstudandoCICDComiOS.xcdatamodeld */ = {
			isa = XCVersionGroup;
			children = (
				5737B90F213AC0A60063C593 /* EstudandoCICDComiOS.xcdatamodel */,
			);
			currentVersion = 5737B90F213AC0A60063C593 /* EstudandoCICDComiOS.xcdatamodel */;
			path = EstudandoCICDComiOS.xcdatamodeld;
			sourceTree = "<group>";
			versionGroupType = wrapper.xcdatamodel;
		};
/* End XCVersionGroup section */
	};
	rootObject = 5737B8FC213AC0A50063C593 /* Project object */;
}
